# This file is automatically @generated by Cargo.
# It is not intended for manual editing.
version = 4

[[package]]
name = "kernel"
version = "0.1.0"
dependencies = [
 "staros-abi",
 "staros-acpi",
 "staros-arch-x86-64",
 "staros-bootinfo",
 "staros-cpio",
 "staros-drivers",
 "staros-elf64",
 "staros-framebuffer",
 "staros-hal",
 "staros-ipc",
 "staros-mm",
 "staros-paging",
]

[[package]]
name = "staros-abi"
version = "0.2.0"

[[package]]
name = "staros-acpi"
version = "0.1.0"

[[package]]
name = "staros-arch-x86-64"
version = "0.1.0"
dependencies = [
 "staros-abi",
 "staros-acpi",
 "staros-bootinfo",
 "staros-hal",
 "staros-mm",
]

[[package]]
name = "staros-boot-uefi"
version = "0.1.0"
dependencies = [
 "staros-arch-x86-64",
 "staros-bootinfo",
 "staros-elf64",
 "staros-hal",
 "staros-paging",
]

[[package]]
name = "staros-bootinfo"
version = "0.1.0"
dependencies = [
 "staros-framebuffer",
]

[[package]]
name = "staros-cpio"
version = "0.2.0"

[[package]]
name = "staros-drivers"
version = "0.2.0"
dependencies = [
 "staros-abi",
 "staros-hal",
]

[[package]]
name = "staros-elf64"
version = "0.1.0"

[[package]]
name = "staros-framebuffer"
version = "0.2.0"

[[package]]
name = "staros-hal"
version = "0.2.0"
dependencies = [
 "staros-abi",
]

[[package]]
name = "staros-ipc"
version = "0.2.0"
dependencies = [
 "staros-abi",
]

[[package]]
name = "staros-mm"
version = "0.2.0"
dependencies = [
 "staros-abi",
]

[[package]]
name = "staros-paging"
version = "0.1.0"
